
Microsoft Visual Studio Solution File, Format Version 12.00
# Visual Studio Version 17
VisualStudioVersion = 17.4.33205.214
MinimumVisualStudioVersion = 10.0.40219.1
Project("{FAE04EC0-301F-11D3-BF4B-00C04F79EFBC}") = "GerenciamentoEstoque.WebApi", "GerenciamentoEstoque.WebApi\GerenciamentoEstoque.WebApi.csproj", "{CD1B649A-ED68-4D6A-B643-06362F2410EC}"
EndProject
Project("{FAE04EC0-301F-11D3-BF4B-00C04F79EFBC}") = "GerenciamentoEstoque.Domain", "GerenciamentoEstoque.Domain\GerenciamentoEstoque.Domain.csproj", "{E1BD1E18-1509-4D05-BD95-9832ECC0E72E}"
EndProject
Project("{FAE04EC0-301F-11D3-BF4B-00C04F79EFBC}") = "GerenciamentoEstoque.Shared", "GerenciamentoEstoque.Shared\GerenciamentoEstoque.Shared.csproj", "{52490592-A312-4B17-ADA3-04DE649F863C}"
EndProject
Project("{FAE04EC0-301F-11D3-BF4B-00C04F79EFBC}") = "GerenciamentoEstoque.Tests", "GerenciamentoEstoque.Tests\GerenciamentoEstoque.Tests.csproj", "{A54393A1-37EB-40B6-9E19-5968D4FBE507}"
EndProject
Project("{FAE04EC0-301F-11D3-BF4B-00C04F79EFBC}") = "GerenciamentoEstoque.Infra", "GerenciamentoEstoque.Infra\GerenciamentoEstoque.Infra.csproj", "{66CF672F-53E3-4728-940B-61241BA2F90F}"
EndProject
Global
	GlobalSection(SolutionConfigurationPlatforms) = preSolution
		Debug|Any CPU = Debug|Any CPU
		Release|Any CPU = Release|Any CPU
	EndGlobalSection
	GlobalSection(ProjectConfigurationPlatforms) = postSolution
		{CD1B649A-ED68-4D6A-B643-06362F2410EC}.Debug|Any CPU.ActiveCfg = Debug|Any CPU
		{CD1B649A-ED68-4D6A-B643-06362F2410EC}.Debug|Any CPU.Build.0 = Debug|Any CPU
		{CD1B649A-ED68-4D6A-B643-06362F2410EC}.Release|Any CPU.ActiveCfg = Release|Any CPU
		{CD1B649A-ED68-4D6A-B643-06362F2410EC}.Release|Any CPU.Build.0 = Release|Any CPU
		{E1BD1E18-1509-4D05-BD95-9832ECC0E72E}.Debug|Any CPU.ActiveCfg = Debug|Any CPU
		{E1BD1E18-1509-4D05-BD95-9832ECC0E72E}.Debug|Any CPU.Build.0 = Debug|Any CPU
		{E1BD1E18-1509-4D05-BD95-9832ECC0E72E}.Release|Any CPU.ActiveCfg = Release|Any CPU
		{E1BD1E18-1509-4D05-BD95-9832ECC0E72E}.Release|Any CPU.Build.0 = Release|Any CPU
		{52490592-A312-4B17-ADA3-04DE649F863C}.Debug|Any CPU.ActiveCfg = Debug|Any CPU
		{52490592-A312-4B17-ADA3-04DE649F863C}.Debug|Any CPU.Build.0 = Debug|Any CPU
		{52490592-A312-4B17-ADA3-04DE649F863C}.Release|Any CPU.ActiveCfg = Release|Any CPU
		{52490592-A312-4B17-ADA3-04DE649F863C}.Release|Any CPU.Build.0 = Release|Any CPU
		{A54393A1-37EB-40B6-9E19-5968D4FBE507}.Debug|Any CPU.ActiveCfg = Debug|Any CPU
		{A54393A1-37EB-40B6-9E19-5968D4FBE507}.Debug|Any CPU.Build.0 = Debug|Any CPU
		{A54393A1-37EB-40B6-9E19-5968D4FBE507}.Release|Any CPU.ActiveCfg = Release|Any CPU
		{A54393A1-37EB-40B6-9E19-5968D4FBE507}.Release|Any CPU.Build.0 = Release|Any CPU
		{66CF672F-53E3-4728-940B-61241BA2F90F}.Debug|Any CPU.ActiveCfg = Debug|Any CPU
		{66CF672F-53E3-4728-940B-61241BA2F90F}.Debug|Any CPU.Build.0 = Debug|Any CPU
		{66CF672F-53E3-4728-940B-61241BA2F90F}.Release|Any CPU.ActiveCfg = Release|Any CPU
		{66CF672F-53E3-4728-940B-61241BA2F90F}.Release|Any CPU.Build.0 = Release|Any CPU
	EndGlobalSection
	GlobalSection(SolutionProperties) = preSolution
		HideSolutionNode = FALSE
	EndGlobalSection
	GlobalSection(ExtensibilityGlobals) = postSolution
		SolutionGuid = {D725FD93-F668-4C9A-B4F5-B2C4C758B64A}
	EndGlobalSection
EndGlobal
